// !$*UTF8*$!
{
	archiveVersion = 1;
	classes = {
	};
	objectVersion = 56;
	objects = {

/* Begin PBXBuildFile section */
		FE85F4A82B9A51E200011746 /* AppDelegate.swift in Sources */ = {isa = PBXBuildFile; fileRef = FE85F4A72B9A51E200011746 /* AppDelegate.swift */; };
		FE85F4AA2B9A51E200011746 /* SceneDelegate.swift in Sources */ = {isa = PBXBuildFile; fileRef = FE85F4A92B9A51E200011746 /* SceneDelegate.swift */; };
		FE85F4AC2B9A51E200011746 /* ViewController.swift in Sources */ = {isa = PBXBuildFile; fileRef = FE85F4AB2B9A51E200011746 /* ViewController.swift */; };
		FE85F4AF2B9A51E200011746 /* Base in Resources */ = {isa = PBXBuildFile; fileRef = FE85F4AE2B9A51E200011746 /* Base */; };
		FE85F4B12B9A51E300011746 /* Assets.xcassets in Resources */ = {isa = PBXBuildFile; fileRef = FE85F4B02B9A51E300011746 /* Assets.xcassets */; };
		FE85F4B42B9A51E300011746 /* Base in Resources */ = {isa = PBXBuildFile; fileRef = FE85F4B32B9A51E300011746 /* Base */; };
		FE85F4BF2B9A51E300011746 /* ARShooterTests.swift in Sources */ = {isa = PBXBuildFile; fileRef = FE85F4BE2B9A51E300011746 /* ARShooterTests.swift */; };
		FE85F4C92B9A51E300011746 /* ARShooterUITests.swift in Sources */ = {isa = PBXBuildFile; fileRef = FE85F4C82B9A51E300011746 /* ARShooterUITests.swift */; };
		FE85F4CB2B9A51E300011746 /* ARShooterUITestsLaunchTests.swift in Sources */ = {isa = PBXBuildFile; fileRef = FE85F4CA2B9A51E300011746 /* ARShooterUITestsLaunchTests.swift */; };
/* End PBXBuildFile section */

/* Begin PBXContainerItemProxy section */
		FE85F4BB2B9A51E300011746 /* PBXContainerItemProxy */ = {
			isa = PBXContainerItemProxy;
			containerPortal = FE85F49C2B9A51E200011746 /* Project object */;
			proxyType = 1;
			remoteGlobalIDString = FE85F4A32B9A51E200011746;
			remoteInfo = ARShooter;
		};
		FE85F4C52B9A51E300011746 /* PBXContainerItemProxy */ = {
			isa = PBXContainerItemProxy;
			containerPortal = FE85F49C2B9A51E200011746 /* Project object */;
			proxyType = 1;
			remoteGlobalIDString = FE85F4A32B9A51E200011746;
			remoteInfo = ARShooter;
		};
/* End PBXContainerItemProxy section */

/* Begin PBXFileReference section */
		FE85F4A42B9A51E200011746 /* ARShooter.app */ = {isa = PBXFileReference; explicitFileType = wrapper.application; includeInIndex = 0; path = ARShooter.app; sourceTree = BUILT_PRODUCTS_DIR; };
		FE85F4A72B9A51E200011746 /* AppDelegate.swift */ = {isa = PBXFileReference; lastKnownFileType = sourcecode.swift; path = AppDelegate.swift; sourceTree = "<group>"; };
		FE85F4A92B9A51E200011746 /* SceneDelegate.swift */ = {isa = PBXFileReference; lastKnownFileType = sourcecode.swift; path = SceneDelegate.swift; sourceTree = "<group>"; };
		FE85F4AB2B9A51E200011746 /* ViewController.swift */ = {isa = PBXFileReference; lastKnownFileType = sourcecode.swift; path = ViewController.swift; sourceTree = "<group>"; };
		FE85F4AE2B9A51E200011746 /* Base */ = {isa = PBXFileReference; lastKnownFileType = file.storyboard; name = Base; path = Base.lproj/Main.storyboard; sourceTree = "<group>"; };
		FE85F4B02B9A51E300011746 /* Assets.xcassets */ = {isa = PBXFileReference; lastKnownFileType = folder.assetcatalog; path = Assets.xcassets; sourceTree = "<group>"; };
		FE85F4B32B9A51E300011746 /* Base */ = {isa = PBXFileReference; lastKnownFileType = file.storyboard; name = Base; path = Base.lproj/LaunchScreen.storyboard; sourceTree = "<group>"; };
		FE85F4B52B9A51E300011746 /* Info.plist */ = {isa = PBXFileReference; lastKnownFileType = text.plist.xml; path = Info.plist; sourceTree = "<group>"; };
		FE85F4BA2B9A51E300011746 /* ARShooterTests.xctest */ = {isa = PBXFileReference; explicitFileType = wrapper.cfbundle; includeInIndex = 0; path = ARShooterTests.xctest; sourceTree = BUILT_PRODUCTS_DIR; };
		FE85F4BE2B9A51E300011746 /* ARShooterTests.swift */ = {isa = PBXFileReference; lastKnownFileType = sourcecode.swift; path = ARShooterTests.swift; sourceTree = "<group>"; };
		FE85F4C42B9A51E300011746 /* ARShooterUITests.xctest */ = {isa = PBXFileReference; explicitFileType = wrapper.cfbundle; includeInIndex = 0; path = ARShooterUITests.xctest; sourceTree = BUILT_PRODUCTS_DIR; };
		FE85F4C82B9A51E300011746 /* ARShooterUITests.swift */ = {isa = PBXFileReference; lastKnownFileType = sourcecode.swift; path = ARShooterUITests.swift; sourceTree = "<group>"; };
		FE85F4CA2B9A51E300011746 /* ARShooterUITestsLaunchTests.swift */ = {isa = PBXFileReference; lastKnownFileType = sourcecode.swift; path = ARShooterUITestsLaunchTests.swift; sourceTree = "<group>"; };
/* End PBXFileReference section */

/* Begin PBXFrameworksBuildPhase section */
		FE85F4A12B9A51E200011746 /* Frameworks */ = {
			isa = PBXFrameworksBuildPhase;
			buildActionMask = 2147483647;
			files = (
			);
			runOnlyForDeploymentPostprocessing = 0;
		};
		FE85F4B72B9A51E300011746 /* Frameworks */ = {
			isa = PBXFrameworksBuildPhase;
			buildActionMask = 2147483647;
			files = (
			);
			runOnlyForDeploymentPostprocessing = 0;
		};
		FE85F4C12B9A51E300011746 /* Frameworks */ = {
			isa = PBXFrameworksBuildPhase;
			buildActionMask = 2147483647;
			files = (
			);
			runOnlyForDeploymentPostprocessing = 0;
		};
/* End PBXFrameworksBuildPhase section */

/* Begin PBXGroup section */
		FE85F49B2B9A51E200011746 = {
			isa = PBXGroup;
			children = (
				FE85F4A62B9A51E200011746 /* ARShooter */,
				FE85F4BD2B9A51E300011746 /* ARShooterTests */,
				FE85F4C72B9A51E300011746 /* ARShooterUITests */,
				FE85F4A52B9A51E200011746 /* Products */,
			);
			sourceTree = "<group>";
		};
		FE85F4A52B9A51E200011746 /* Products */ = {
			isa = PBXGroup;
			children = (
				FE85F4A42B9A51E200011746 /* ARShooter.app */,
				FE85F4BA2B9A51E300011746 /* ARShooterTests.xctest */,
				FE85F4C42B9A51E300011746 /* ARShooterUITests.xctest */,
			);
			name = Products;
			sourceTree = "<group>";
		};
		FE85F4A62B9A51E200011746 /* ARShooter */ = {
			isa = PBXGroup;
			children = (
				FE85F4A72B9A51E200011746 /* AppDelegate.swift */,
				FE85F4A92B9A51E200011746 /* SceneDelegate.swift */,
				FE85F4AB2B9A51E200011746 /* ViewController.swift */,
				FE85F4AD2B9A51E200011746 /* Main.storyboard */,
				FE85F4B02B9A51E300011746 /* Assets.xcassets */,
				FE85F4B22B9A51E300011746 /* LaunchScreen.storyboard */,
				FE85F4B52B9A51E300011746 /* Info.plist */,
			);
			path = ARShooter;
			sourceTree = "<group>";
		};
		FE85F4BD2B9A51E300011746 /* ARShooterTests */ = {
			isa = PBXGroup;
			children = (
				FE85F4BE2B9A51E300011746 /* ARShooterTests.swift */,
			);
			path = ARShooterTests;
			sourceTree = "<group>";
		};
		FE85F4C72B9A51E300011746 /* ARShooterUITests */ = {
			isa = PBXGroup;
			children = (
				FE85F4C82B9A51E300011746 /* ARShooterUITests.swift */,
				FE85F4CA2B9A51E300011746 /* ARShooterUITestsLaunchTests.swift */,
			);
			path = ARShooterUITests;
			sourceTree = "<group>";
		};
/* End PBXGroup section */

/* Begin PBXNativeTarget section */
		FE85F4A32B9A51E200011746 /* ARShooter */ = {
			isa = PBXNativeTarget;
			buildConfigurationList = FE85F4CE2B9A51E300011746 /* Build configuration list for PBXNativeTarget "ARShooter" */;
			buildPhases = (
				FE85F4A02B9A51E200011746 /* Sources */,
				FE85F4A12B9A51E200011746 /* Frameworks */,
				FE85F4A22B9A51E200011746 /* Resources */,
			);
			buildRules = (
			);
			dependencies = (
			);
			name = ARShooter;
			productName = ARShooter;
			productReference = FE85F4A42B9A51E200011746 /* ARShooter.app */;
			productType = "com.apple.product-type.application";
		};
		FE85F4B92B9A51E300011746 /* ARShooterTests */ = {
			isa = PBXNativeTarget;
			buildConfigurationList = FE85F4D12B9A51E300011746 /* Build configuration list for PBXNativeTarget "ARShooterTests" */;
			buildPhases = (
				FE85F4B62B9A51E300011746 /* Sources */,
				FE85F4B72B9A51E300011746 /* Frameworks */,
				FE85F4B82B9A51E300011746 /* Resources */,
			);
			buildRules = (
			);
			dependencies = (
				FE85F4BC2B9A51E300011746 /* PBXTargetDependency */,
			);
			name = ARShooterTests;
			productName = ARShooterTests;
			productReference = FE85F4BA2B9A51E300011746 /* ARShooterTests.xctest */;
			productType = "com.apple.product-type.bundle.unit-test";
		};
		FE85F4C32B9A51E300011746 /* ARShooterUITests */ = {
			isa = PBXNativeTarget;
			buildConfigurationList = FE85F4D42B9A51E300011746 /* Build configuration list for PBXNativeTarget "ARShooterUITests" */;
			buildPhases = (
				FE85F4C02B9A51E300011746 /* Sources */,
				FE85F4C12B9A51E300011746 /* Frameworks */,
				FE85F4C22B9A51E300011746 /* Resources */,
			);
			buildRules = (
			);
			dependencies = (
				FE85F4C62B9A51E300011746 /* PBXTargetDependency */,
			);
			name = ARShooterUITests;
			productName = ARShooterUITests;
			productReference = FE85F4C42B9A51E300011746 /* ARShooterUITests.xctest */;
			productType = "com.apple.product-type.bundle.ui-testing";
		};
/* End PBXNativeTarget section */

/* Begin PBXProject section */
		FE85F49C2B9A51E200011746 /* Project object */ = {
			isa = PBXProject;
			attributes = {
				BuildIndependentTargetsInParallel = 1;
				LastSwiftUpdateCheck = 1530;
				LastUpgradeCheck = 1530;
				TargetAttributes = {
					FE85F4A32B9A51E200011746 = {
						CreatedOnToolsVersion = 15.3;
					};
					FE85F4B92B9A51E300011746 = {
						CreatedOnToolsVersion = 15.3;
						TestTargetID = FE85F4A32B9A51E200011746;
					};
					FE85F4C32B9A51E300011746 = {
						CreatedOnToolsVersion = 15.3;
						TestTargetID = FE85F4A32B9A51E200011746;
					};
				};
			};
			buildConfigurationList = FE85F49F2B9A51E200011746 /* Build configuration list for PBXProject "ARShooter" */;
			compatibilityVersion = "Xcode 14.0";
			developmentRegion = en;
			hasScannedForEncodings = 0;
			knownRegions = (
				en,
				Base,
			);
			mainGroup = FE85F49B2B9A51E200011746;
			productRefGroup = FE85F4A52B9A51E200011746 /* Products */;
			projectDirPath = "";
			projectRoot = "";
			targets = (
				FE85F4A32B9A51E200011746 /* ARShooter */,
				FE85F4B92B9A51E300011746 /* ARShooterTests */,
				FE85F4C32B9A51E300011746 /* ARShooterUITests */,
			);
		};
/* End PBXProject section */

/* Begin PBXResourcesBuildPhase section */
		FE85F4A22B9A51E200011746 /* Resources */ = {
			isa = PBXResourcesBuildPhase;
			buildActionMask = 2147483647;
			files = (
				FE85F4B12B9A51E300011746 /* Assets.xcassets in Resources */,
				FE85F4B42B9A51E300011746 /* Base in Resources */,
				FE85F4AF2B9A51E200011746 /* Base in Resources */,
			);
			runOnlyForDeploymentPostprocessing = 0;
		};
		FE85F4B82B9A51E300011746 /* Resources */ = {
			isa = PBXResourcesBuildPhase;
			buildActionMask = 2147483647;
			files = (
			);
			runOnlyForDeploymentPostprocessing = 0;
		};
		FE85F4C22B9A51E300011746 /* Resources */ = {
			isa = PBXResourcesBuildPhase;
			buildActionMask = 2147483647;
			files = (
			);
			runOnlyForDeploymentPostprocessing = 0;
		};
/* End PBXResourcesBuildPhase section */

/* Begin PBXSourcesBuildPhase section */
		FE85F4A02B9A51E200011746 /* Sources */ = {
			isa = PBXSourcesBuildPhase;
			buildActionMask = 2147483647;
			files = (
				FE85F4AC2B9A51E200011746 /* ViewController.swift in Sources */,
				FE85F4A82B9A51E200011746 /* AppDelegate.swift in Sources */,
				FE85F4AA2B9A51E200011746 /* SceneDelegate.swift in Sources */,
			);
			runOnlyForDeploymentPostprocessing = 0;
		};
		FE85F4B62B9A51E300011746 /* Sources */ = {
			isa = PBXSourcesBuildPhase;
			buildActionMask = 2147483647;
			files = (
				FE85F4BF2B9A51E300011746 /* ARShooterTests.swift in Sources */,
			);
			runOnlyForDeploymentPostprocessing = 0;
		};
		FE85F4C02B9A51E300011746 /* Sources */ = {
			isa = PBXSourcesBuildPhase;
			buildActionMask = 2147483647;
			files = (
				FE85F4CB2B9A51E300011746 /* ARShooterUITestsLaunchTests.swift in Sources */,
				FE85F4C92B9A51E300011746 /* ARShooterUITests.swift in Sources */,
			);
			runOnlyForDeploymentPostprocessing = 0;
		};
/* End PBXSourcesBuildPhase section */

/* Begin PBXTargetDependency section */
		FE85F4BC2B9A51E300011746 /* PBXTargetDependency */ = {
			isa = PBXTargetDependency;
			target = FE85F4A32B9A51E200011746 /* ARShooter */;
			targetProxy = FE85F4BB2B9A51E300011746 /* PBXContainerItemProxy */;
		};
		FE85F4C62B9A51E300011746 /* PBXTargetDependency */ = {
			isa = PBXTargetDependency;
			target = FE85F4A32B9A51E200011746 /* ARShooter */;
			targetProxy = FE85F4C52B9A51E300011746 /* PBXContainerItemProxy */;
		};
/* End PBXTargetDependency section */

/* Begin PBXVariantGroup section */
		FE85F4AD2B9A51E200011746 /* Main.storyboard */ = {
			isa = PBXVariantGroup;
			children = (
				FE85F4AE2B9A51E200011746 /* Base */,
			);
			name = Main.storyboard;
			sourceTree = "<group>";
		};
		FE85F4B22B9A51E300011746 /* LaunchScreen.storyboard */ = {
			isa = PBXVariantGroup;
			children = (
				FE85F4B32B9A51E300011746 /* Base */,
			);
			name = LaunchScreen.storyboard;
			sourceTree = "<group>";
		};
/* End PBXVariantGroup section */

/* Begin XCBuildConfiguration section */
		FE85F4CC2B9A51E300011746 /* Debug */ = {
			isa = XCBuildConfiguration;
			buildSettings = {
				ALWAYS_SEARCH_USER_PATHS = NO;
				ASSETCATALOG_COMPILER_GENERATE_SWIFT_ASSET_SYMBOL_EXTENSIONS = YES;
				CLANG_ANALYZER_NONNULL = YES;
				CLANG_ANALYZER_NUMBER_OBJECT_CONVERSION = YES_AGGRESSIVE;
				CLANG_CXX_LANGUAGE_STANDARD = "gnu++20";
				CLANG_ENABLE_MODULES = YES;
				CLANG_ENABLE_OBJC_ARC = YES;
				CLANG_ENABLE_OBJC_WEAK = YES;
				CLANG_WARN_BLOCK_CAPTURE_AUTORELEASING = YES;
				CLANG_WARN_BOOL_CONVERSION = YES;
				CLANG_WARN_COMMA = YES;
				CLANG_WARN_CONSTANT_CONVERSION = YES;
				CLANG_WARN_DEPRECATED_OBJC_IMPLEMENTATIONS = YES;
				CLANG_WARN_DIRECT_OBJC_ISA_USAGE = YES_ERROR;
				CLANG_WARN_DOCUMENTATION_COMMENTS = YES;
				CLANG_WARN_EMPTY_BODY = YES;
				CLANG_WARN_ENUM_CONVERSION = YES;
				CLANG_WARN_INFINITE_RECURSION = YES;
				CLANG_WARN_INT_CONVERSION = YES;
				CLANG_WARN_NON_LITERAL_NULL_CONVERSION = YES;
				CLANG_WARN_OBJC_IMPLICIT_RETAIN_SELF = YES;
				CLANG_WARN_OBJC_LITERAL_CONVERSION = YES;
				CLANG_WARN_OBJC_ROOT_CLASS = YES_ERROR;
				CLANG_WARN_QUOTED_INCLUDE_IN_FRAMEWORK_HEADER = YES;
				CLANG_WARN_RANGE_LOOP_ANALYSIS = YES;
				CLANG_WARN_STRICT_PROTOTYPES = YES;
				CLANG_WARN_SUSPICIOUS_MOVE = YES;
				CLANG_WARN_UNGUARDED_AVAILABILITY = YES_AGGRESSIVE;
				CLANG_WARN_UNREACHABLE_CODE = YES;
				CLANG_WARN__DUPLICATE_METHOD_MATCH = YES;
				COPY_PHASE_STRIP = NO;
				DEBUG_INFORMATION_FORMAT = dwarf;
				ENABLE_STRICT_OBJC_MSGSEND = YES;
				ENABLE_TESTABILITY = YES;
				ENABLE_USER_SCRIPT_SANDBOXING = YES;
				GCC_C_LANGUAGE_STANDARD = gnu17;
				GCC_DYNAMIC_NO_PIC = NO;
				GCC_NO_COMMON_BLOCKS = YES;
				GCC_OPTIMIZATION_LEVEL = 0;
				GCC_PREPROCESSOR_DEFINITIONS = (
					"DEBUG=1",
					"$(inherited)",
				);
				GCC_WARN_64_TO_32_BIT_CONVERSION = YES;
				GCC_WARN_ABOUT_RETURN_TYPE = YES_ERROR;
				GCC_WARN_UNDECLARED_SELECTOR = YES;
				GCC_WARN_UNINITIALIZED_AUTOS = YES_AGGRESSIVE;
				GCC_WARN_UNUSED_FUNCTION = YES;
				GCC_WARN_UNUSED_VARIABLE = YES;
				IPHONEOS_DEPLOYMENT_TARGET = 17.4;
				LOCALIZATION_PREFERS_STRING_CATALOGS = YES;
				MTL_ENABLE_DEBUG_INFO = INCLUDE_SOURCE;
				MTL_FAST_MATH = YES;
				ONLY_ACTIVE_ARCH = YES;
				SDKROOT = iphoneos;
				SWIFT_ACTIVE_COMPILATION_CONDITIONS = "DEBUG $(inherited)";
				SWIFT_OPTIMIZATION_LEVEL = "-Onone";
			};
			name = Debug;
		};
		FE85F4CD2B9A51E300011746 /* Release */ = {
			isa = XCBuildConfiguration;
			buildSettings = {
				ALWAYS_SEARCH_USER_PATHS = NO;
				ASSETCATALOG_COMPILER_GENERATE_SWIFT_ASSET_SYMBOL_EXTENSIONS = YES;
				CLANG_ANALYZER_NONNULL = YES;
				CLANG_ANALYZER_NUMBER_OBJECT_CONVERSION = YES_AGGRESSIVE;
				CLANG_CXX_LANGUAGE_STANDARD = "gnu++20";
				CLANG_ENABLE_MODULES = YES;
				CLANG_ENABLE_OBJC_ARC = YES;
				CLANG_ENABLE_OBJC_WEAK = YES;
				CLANG_WARN_BLOCK_CAPTURE_AUTORELEASING = YES;
				CLANG_WARN_BOOL_CONVERSION = YES;
				CLANG_WARN_COMMA = YES;
				CLANG_WARN_CONSTANT_CONVERSION = YES;
				CLANG_WARN_DEPRECATED_OBJC_IMPLEMENTATIONS = YES;
				CLANG_WARN_DIRECT_OBJC_ISA_USAGE = YES_ERROR;
				CLANG_WARN_DOCUMENTATION_COMMENTS = YES;
				CLANG_WARN_EMPTY_BODY = YES;
				CLANG_WARN_ENUM_CONVERSION = YES;
				CLANG_WARN_INFINITE_RECURSION = YES;
				CLANG_WARN_INT_CONVERSION = YES;
				CLANG_WARN_NON_LITERAL_NULL_CONVERSION = YES;
				CLANG_WARN_OBJC_IMPLICIT_RETAIN_SELF = YES;
				CLANG_WARN_OBJC_LITERAL_CONVERSION = YES;
				CLANG_WARN_OBJC_ROOT_CLASS = YES_ERROR;
				CLANG_WARN_QUOTED_INCLUDE_IN_FRAMEWORK_HEADER = YES;
				CLANG_WARN_RANGE_LOOP_ANALYSIS = YES;
				CLANG_WARN_STRICT_PROTOTYPES = YES;
				CLANG_WARN_SUSPICIOUS_MOVE = YES;
				CLANG_WARN_UNGUARDED_AVAILABILITY = YES_AGGRESSIVE;
				CLANG_WARN_UNREACHABLE_CODE = YES;
				CLANG_WARN__DUPLICATE_METHOD_MATCH = YES;
				COPY_PHASE_STRIP = NO;
				DEBUG_INFORMATION_FORMAT = "dwarf-with-dsym";
				ENABLE_NS_ASSERTIONS = NO;
				ENABLE_STRICT_OBJC_MSGSEND = YES;
				ENABLE_USER_SCRIPT_SANDBOXING = YES;
				GCC_C_LANGUAGE_STANDARD = gnu17;
				GCC_NO_COMMON_BLOCKS = YES;
				GCC_WARN_64_TO_32_BIT_CONVERSION = YES;
				GCC_WARN_ABOUT_RETURN_TYPE = YES_ERROR;
				GCC_WARN_UNDECLARED_SELECTOR = YES;
				GCC_WARN_UNINITIALIZED_AUTOS = YES_AGGRESSIVE;
				GCC_WARN_UNUSED_FUNCTION = YES;
				GCC_WARN_UNUSED_VARIABLE = YES;
				IPHONEOS_DEPLOYMENT_TARGET = 17.4;
				LOCALIZATION_PREFERS_STRING_CATALOGS = YES;
				MTL_ENABLE_DEBUG_INFO = NO;
				MTL_FAST_MATH = YES;
				SDKROOT = iphoneos;
				SWIFT_COMPILATION_MODE = wholemodule;
				VALIDATE_PRODUCT = YES;
			};
			name = Release;
		};
		FE85F4CF2B9A51E300011746 /* Debug */ = {
			isa = XCBuildConfiguration;
			buildSettings = {
				ASSETCATALOG_COMPILER_APPICON_NAME = AppIcon;
				ASSETCATALOG_COMPILER_GLOBAL_ACCENT_COLOR_NAME = AccentColor;
				CODE_SIGN_STYLE = Automatic;
				CURRENT_PROJECT_VERSION = 1;
				DEVELOPMENT_TEAM = MQFL6V4U56;
				GENERATE_INFOPLIST_FILE = YES;
				INFOPLIST_FILE = ARShooter/Info.plist;
				INFOPLIST_KEY_UIApplicationSupportsIndirectInputEvents = YES;
				INFOPLIST_KEY_UILaunchStoryboardName = LaunchScreen;
				INFOPLIST_KEY_UIMainStoryboardFile = Main;
				INFOPLIST_KEY_UISupportedInterfaceOrientations_iPad = "UIInterfaceOrientationPortrait UIInterfaceOrientationPortraitUpsideDown UIInterfaceOrientationLandscapeLeft UIInterfaceOrientationLandscapeRight";
				INFOPLIST_KEY_UISupportedInterfaceOrientations_iPhone = "UIInterfaceOrientationPortrait UIInterfaceOrientationLandscapeLeft UIInterfaceOrientationLandscapeRight";
				LD_RUNPATH_SEARCH_PATHS = (
					"$(inherited)",
					"@executable_path/Frameworks",
				);
				MARKETING_VERSION = 1.0;
				PRODUCT_BUNDLE_IDENTIFIER = com.XtaticThought.Test.ARShooter;
				PRODUCT_NAME = "$(TARGET_NAME)";
				SWIFT_EMIT_LOC_STRINGS = YES;
				SWIFT_VERSION = 5.0;
				TARGETED_DEVICE_FAMILY = "1,2";
			};
			name = Debug;
		};
		FE85F4D02B9A51E300011746 /* Release */ = {
			isa = XCBuildConfiguration;
			buildSettings = {
				ASSETCATALOG_COMPILER_APPICON_NAME = AppIcon;
				ASSETCATALOG_COMPILER_GLOBAL_ACCENT_COLOR_NAME = AccentColor;
				CODE_SIGN_STYLE = Automatic;
				CURRENT_PROJECT_VERSION = 1;
				DEVELOPMENT_TEAM = MQFL6V4U56;
				GENERATE_INFOPLIST_FILE = YES;
				INFOPLIST_FILE = ARShooter/Info.plist;
				INFOPLIST_KEY_UIApplicationSupportsIndirectInputEvents = YES;
				INFOPLIST_KEY_UILaunchStoryboardName = LaunchScreen;
				INFOPLIST_KEY_UIMainStoryboardFile = Main;
				INFOPLIST_KEY_UISupportedInterfaceOrientations_iPad = "UIInterfaceOrientationPortrait UIInterfaceOrientationPortraitUpsideDown UIInterfaceOrientationLandscapeLeft UIInterfaceOrientationLandscapeRight";
				INFOPLIST_KEY_UISupportedInterfaceOrientations_iPhone = "UIInterfaceOrientationPortrait UIInterfaceOrientationLandscapeLeft UIInterfaceOrientationLandscapeRight";
				LD_RUNPATH_SEARCH_PATHS = (
					"$(inherited)",
					"@executable_path/Frameworks",
				);
				MARKETING_VERSION = 1.0;
				PRODUCT_BUNDLE_IDENTIFIER = com.XtaticThought.Test.ARShooter;
				PRODUCT_NAME = "$(TARGET_NAME)";
				SWIFT_EMIT_LOC_STRINGS = YES;
				SWIFT_VERSION = 5.0;
				TARGETED_DEVICE_FAMILY = "1,2";
			};
			name = Release;
		};
		FE85F4D22B9A51E300011746 /* Debug */ = {
			isa = XCBuildConfiguration;
			buildSettings = {
				ALWAYS_EMBED_SWIFT_STANDARD_LIBRARIES = YES;
				BUNDLE_LOADER = "$(TEST_HOST)";
				CODE_SIGN_STYLE = Automatic;
				CURRENT_PROJECT_VERSION = 1;
				DEVELOPMENT_TEAM = MQFL6V4U56;
				GENERATE_INFOPLIST_FILE = YES;
				IPHONEOS_DEPLOYMENT_TARGET = 17.4;
				MARKETING_VERSION = 1.0;
				PRODUCT_BUNDLE_IDENTIFIER = com.XtaticThought.Test.ARShooterTests;
				PRODUCT_NAME = "$(TARGET_NAME)";
				SWIFT_EMIT_LOC_STRINGS = NO;
				SWIFT_VERSION = 5.0;
				TARGETED_DEVICE_FAMILY = "1,2";
				TEST_HOST = "$(BUILT_PRODUCTS_DIR)/ARShooter.app/$(BUNDLE_EXECUTABLE_FOLDER_PATH)/ARShooter";
			};
			name = Debug;
		};
		FE85F4D32B9A51E300011746 /* Release */ = {
			isa = XCBuildConfiguration;
			buildSettings = {
				ALWAYS_EMBED_SWIFT_STANDARD_LIBRARIES = YES;
				BUNDLE_LOADER = "$(TEST_HOST)";
				CODE_SIGN_STYLE = Automatic;
				CURRENT_PROJECT_VERSION = 1;
				DEVELOPMENT_TEAM = MQFL6V4U56;
				GENERATE_INFOPLIST_FILE = YES;
				IPHONEOS_DEPLOYMENT_TARGET = 17.4;
				MARKETING_VERSION = 1.0;
				PRODUCT_BUNDLE_IDENTIFIER = com.XtaticThought.Test.ARShooterTests;
				PRODUCT_NAME = "$(TARGET_NAME)";
				SWIFT_EMIT_LOC_STRINGS = NO;
				SWIFT_VERSION = 5.0;
				TARGETED_DEVICE_FAMILY = "1,2";
				TEST_HOST = "$(BUILT_PRODUCTS_DIR)/ARShooter.app/$(BUNDLE_EXECUTABLE_FOLDER_PATH)/ARShooter";
			};
			name = Release;
		};
		FE85F4D52B9A51E300011746 /* Debug */ = {
			isa = XCBuildConfiguration;
			buildSettings = {
				ALWAYS_EMBED_SWIFT_STANDARD_LIBRARIES = YES;
				CODE_SIGN_STYLE = Automatic;
				CURRENT_PROJECT_VERSION = 1;
				DEVELOPMENT_TEAM = MQFL6V4U56;
				GENERATE_INFOPLIST_FILE = YES;
				MARKETING_VERSION = 1.0;
				PRODUCT_BUNDLE_IDENTIFIER = com.XtaticThought.Test.ARShooterUITests;
				PRODUCT_NAME = "$(TARGET_NAME)";
				SWIFT_EMIT_LOC_STRINGS = NO;
				SWIFT_VERSION = 5.0;
				TARGETED_DEVICE_FAMILY = "1,2";
				TEST_TARGET_NAME = ARShooter;
			};
			name = Debug;
		};
		FE85F4D62B9A51E300011746 /* Release */ = {
			isa = XCBuildConfiguration;
			buildSettings = {
				ALWAYS_EMBED_SWIFT_STANDARD_LIBRARIES = YES;
				CODE_SIGN_STYLE = Automatic;
				CURRENT_PROJECT_VERSION = 1;
				DEVELOPMENT_TEAM = MQFL6V4U56;
				GENERATE_INFOPLIST_FILE = YES;
				MARKETING_VERSION = 1.0;
				PRODUCT_BUNDLE_IDENTIFIER = com.XtaticThought.Test.ARShooterUITests;
				PRODUCT_NAME = "$(TARGET_NAME)";
				SWIFT_EMIT_LOC_STRINGS = NO;
				SWIFT_VERSION = 5.0;
				TARGETED_DEVICE_FAMILY = "1,2";
				TEST_TARGET_NAME = ARShooter;
			};
			name = Release;
		};
/* End XCBuildConfiguration section */

/* Begin XCConfigurationList section */
		FE85F49F2B9A51E200011746 /* Build configuration list for PBXProject "ARShooter" */ = {
			isa = XCConfigurationList;
			buildConfigurations = (
				FE85F4CC2B9A51E300011746 /* Debug */,
				FE85F4CD2B9A51E300011746 /* Release */,
			);
			defaultConfigurationIsVisible = 0;
			defaultConfigurationName = Release;
		};
		FE85F4CE2B9A51E300011746 /* Build configuration list for PBXNativeTarget "ARShooter" */ = {
			isa = XCConfigurationList;
			buildConfigurations = (
				FE85F4CF2B9A51E300011746 /* Debug */,
				FE85F4D02B9A51E300011746 /* Release */,
			);
			defaultConfigurationIsVisible = 0;
			defaultConfigurationName = Release;
		};
		FE85F4D12B9A51E300011746 /* Build configuration list for PBXNativeTarget "ARShooterTests" */ = {
			isa = XCConfigurationList;
			buildConfigurations = (
				FE85F4D22B9A51E300011746 /* Debug */,
				FE85F4D32B9A51E300011746 /* Release */,
			);
			defaultConfigurationIsVisible = 0;
			defaultConfigurationName = Release;
		};
		FE85F4D42B9A51E300011746 /* Build configuration list for PBXNativeTarget "ARShooterUITests" */ = {
			isa = XCConfigurationList;
			buildConfigurations = (
				FE85F4D52B9A51E300011746 /* Debug */,
				FE85F4D62B9A51E300011746 /* Release */,
			);
			defaultConfigurationIsVisible = 0;
			defaultConfigurationName = Release;
		};
/* End XCConfigurationList section */
	};
	rootObject = FE85F49C2B9A51E200011746 /* Project object */;
}
